// !$*UTF8*$!
{
	archiveVersion = 1;
	classes = {
	};
	objectVersion = 55;
	objects = {

/* Begin PBXBuildFile section */
		CE26A1E7295C54FA00FECEC8 /* Assets.xcassets in Resources */ = {isa = PBXBuildFile; fileRef = CE26A1E2295C54FA00FECEC8 /* Assets.xcassets */; };
		CE26A1E8295C54FA00FECEC8 /* LaunchScreen.storyboard in Resources */ = {isa = PBXBuildFile; fileRef = CE26A1E3295C54FA00FECEC8 /* LaunchScreen.storyboard */; };
		CE26A1E9295C54FA00FECEC8 /* Positions.plist in Resources */ = {isa = PBXBuildFile; fileRef = CE26A1E5295C54FA00FECEC8 /* Positions.plist */; };
		CE26A1EA295C54FA00FECEC8 /* Locations.plist in Resources */ = {isa = PBXBuildFile; fileRef = CE26A1E6295C54FA00FECEC8 /* Locations.plist */; };
		CE26A1ED2961A48000FECEC8 /* HomeViewController.swift in Sources */ = {isa = PBXBuildFile; fileRef = CE26A1EC2961A48000FECEC8 /* HomeViewController.swift */; };
		CE9105402949BF3B008D3137 /* AppDelegate.swift in Sources */ = {isa = PBXBuildFile; fileRef = CE91053F2949BF3B008D3137 /* AppDelegate.swift */; };
		CE9105422949BF3B008D3137 /* SceneDelegate.swift in Sources */ = {isa = PBXBuildFile; fileRef = CE9105412949BF3B008D3137 /* SceneDelegate.swift */; };
		CE9105472949BF3B008D3137 /* Main.storyboard in Resources */ = {isa = PBXBuildFile; fileRef = CE9105452949BF3B008D3137 /* Main.storyboard */; };
		CE91055D2949C044008D3137 /* Extension.swift in Sources */ = {isa = PBXBuildFile; fileRef = CE9105562949C044008D3137 /* Extension.swift */; };
		CE91055E2949C044008D3137 /* ViewControllersAssembly+Main.swift in Sources */ = {isa = PBXBuildFile; fileRef = CE9105592949C044008D3137 /* ViewControllersAssembly+Main.swift */; };
		CE91055F2949C044008D3137 /* ViewControllersAssembly.swift in Sources */ = {isa = PBXBuildFile; fileRef = CE91055A2949C044008D3137 /* ViewControllersAssembly.swift */; };
		CE9105BB294CA1E6008D3137 /* Job.swift in Sources */ = {isa = PBXBuildFile; fileRef = CE9105B5294CA1E5008D3137 /* Job.swift */; };
		CE9105BC294CA1E6008D3137 /* MainViewCell.xib in Resources */ = {isa = PBXBuildFile; fileRef = CE9105B7294CA1E5008D3137 /* MainViewCell.xib */; };
		CE9105BD294CA1E6008D3137 /* MainViewCell.swift in Sources */ = {isa = PBXBuildFile; fileRef = CE9105B8294CA1E5008D3137 /* MainViewCell.swift */; };
		CE9105BE294CA1E6008D3137 /* MainListPresenter.swift in Sources */ = {isa = PBXBuildFile; fileRef = CE9105B9294CA1E5008D3137 /* MainListPresenter.swift */; };
		CE9105BF294CA1E6008D3137 /* MainListViewController.swift in Sources */ = {isa = PBXBuildFile; fileRef = CE9105BA294CA1E6008D3137 /* MainListViewController.swift */; };
		CE9105C1294CA300008D3137 /* ProvidersUseCase.swift in Sources */ = {isa = PBXBuildFile; fileRef = CE9105C0294CA300008D3137 /* ProvidersUseCase.swift */; };
		CE9105C6294CA325008D3137 /* GithubProvider.swift in Sources */ = {isa = PBXBuildFile; fileRef = CE9105C4294CA325008D3137 /* GithubProvider.swift */; };
		CE9105C7294CA325008D3137 /* SearchGOVProvider.swift in Sources */ = {isa = PBXBuildFile; fileRef = CE9105C5294CA325008D3137 /* SearchGOVProvider.swift */; };
		CE9105C9294CA7C4008D3137 /* Protocols.swift in Sources */ = {isa = PBXBuildFile; fileRef = CE9105C8294CA7C4008D3137 /* Protocols.swift */; };
		CE9105CD294CA91D008D3137 /* KeyboardAccessoryInputView.swift in Sources */ = {isa = PBXBuildFile; fileRef = CE9105CB294CA91D008D3137 /* KeyboardAccessoryInputView.swift */; };
		CE9105CE294CA91D008D3137 /* KeyboardAccessoryInputView.xib in Resources */ = {isa = PBXBuildFile; fileRef = CE9105CC294CA91D008D3137 /* KeyboardAccessoryInputView.xib */; };
		CE9105D2294CB440008D3137 /* MainListMock.swift in Sources */ = {isa = PBXBuildFile; fileRef = CE9105D1294CB440008D3137 /* MainListMock.swift */; };
		CE9105D4294CB460008D3137 /* MainPresenterTests.swift in Sources */ = {isa = PBXBuildFile; fileRef = CE9105D3294CB45F008D3137 /* MainPresenterTests.swift */; };
		CE9105D6294CB59C008D3137 /* SuperAppTests.swift in Sources */ = {isa = PBXBuildFile; fileRef = CE9105D5294CB59C008D3137 /* SuperAppTests.swift */; };
		CE9105D8294D00B2008D3137 /* MainListProtocal.swift in Sources */ = {isa = PBXBuildFile; fileRef = CE9105D7294D00B2008D3137 /* MainListProtocal.swift */; };
		CE9105DA294D02B1008D3137 /* Constant.swift in Sources */ = {isa = PBXBuildFile; fileRef = CE9105D9294D02B1008D3137 /* Constant.swift */; };
		CE9105DC294D07A9008D3137 /* NetworkAdapter.swift in Sources */ = {isa = PBXBuildFile; fileRef = CE9105DB294D07A9008D3137 /* NetworkAdapter.swift */; };
		CE9105E4294E3AE9008D3137 /* MainListSwiftUIView.swift in Sources */ = {isa = PBXBuildFile; fileRef = CE9105E3294E3AE9008D3137 /* MainListSwiftUIView.swift */; };
		CE9105E72951ADC4008D3137 /* MainListRouter.swift in Sources */ = {isa = PBXBuildFile; fileRef = CE9105E62951ADC4008D3137 /* MainListRouter.swift */; };
/* End PBXBuildFile section */

/* Begin PBXContainerItemProxy section */
		CE9105A4294B112C008D3137 /* PBXContainerItemProxy */ = {
			isa = PBXContainerItemProxy;
			containerPortal = CE9105342949BF3B008D3137 /* Project object */;
			proxyType = 1;
			remoteGlobalIDString = CE91053B2949BF3B008D3137;
			remoteInfo = SuperApp;
		};
/* End PBXContainerItemProxy section */

/* Begin PBXFileReference section */
		CE26A1E2295C54FA00FECEC8 /* Assets.xcassets */ = {isa = PBXFileReference; lastKnownFileType = folder.assetcatalog; path = Assets.xcassets; sourceTree = "<group>"; };
		CE26A1E4295C54FA00FECEC8 /* Base */ = {isa = PBXFileReference; lastKnownFileType = file.storyboard; name = Base; path = Base.lproj/LaunchScreen.storyboard; sourceTree = "<group>"; };
		CE26A1E5295C54FA00FECEC8 /* Positions.plist */ = {isa = PBXFileReference; fileEncoding = 4; lastKnownFileType = text.plist.xml; path = Positions.plist; sourceTree = "<group>"; };
		CE26A1E6295C54FA00FECEC8 /* Locations.plist */ = {isa = PBXFileReference; fileEncoding = 4; lastKnownFileType = text.plist.xml; path = Locations.plist; sourceTree = "<group>"; };
		CE26A1EC2961A48000FECEC8 /* HomeViewController.swift */ = {isa = PBXFileReference; lastKnownFileType = sourcecode.swift; path = HomeViewController.swift; sourceTree = "<group>"; };
		CE91053C2949BF3B008D3137 /* SuperApp.app */ = {isa = PBXFileReference; explicitFileType = wrapper.application; includeInIndex = 0; path = SuperApp.app; sourceTree = BUILT_PRODUCTS_DIR; };
		CE91053F2949BF3B008D3137 /* AppDelegate.swift */ = {isa = PBXFileReference; lastKnownFileType = sourcecode.swift; path = AppDelegate.swift; sourceTree = "<group>"; };
		CE9105412949BF3B008D3137 /* SceneDelegate.swift */ = {isa = PBXFileReference; lastKnownFileType = sourcecode.swift; path = SceneDelegate.swift; sourceTree = "<group>"; };
		CE9105462949BF3B008D3137 /* Base */ = {isa = PBXFileReference; lastKnownFileType = file.storyboard; name = Base; path = Base.lproj/Main.storyboard; sourceTree = "<group>"; };
		CE91054D2949BF3C008D3137 /* Info.plist */ = {isa = PBXFileReference; lastKnownFileType = text.plist.xml; path = Info.plist; sourceTree = "<group>"; };
		CE9105562949C044008D3137 /* Extension.swift */ = {isa = PBXFileReference; fileEncoding = 4; lastKnownFileType = sourcecode.swift; path = Extension.swift; sourceTree = "<group>"; };
		CE9105592949C044008D3137 /* ViewControllersAssembly+Main.swift */ = {isa = PBXFileReference; fileEncoding = 4; lastKnownFileType = sourcecode.swift; path = "ViewControllersAssembly+Main.swift"; sourceTree = "<group>"; };
		CE91055A2949C044008D3137 /* ViewControllersAssembly.swift */ = {isa = PBXFileReference; fileEncoding = 4; lastKnownFileType = sourcecode.swift; path = ViewControllersAssembly.swift; sourceTree = "<group>"; };
		CE9105A0294B112C008D3137 /* SuperAppTests.xctest */ = {isa = PBXFileReference; explicitFileType = wrapper.cfbundle; includeInIndex = 0; path = SuperAppTests.xctest; sourceTree = BUILT_PRODUCTS_DIR; };
		CE9105B5294CA1E5008D3137 /* Job.swift */ = {isa = PBXFileReference; fileEncoding = 4; lastKnownFileType = sourcecode.swift; path = Job.swift; sourceTree = "<group>"; };
		CE9105B7294CA1E5008D3137 /* MainViewCell.xib */ = {isa = PBXFileReference; fileEncoding = 4; lastKnownFileType = file.xib; path = MainViewCell.xib; sourceTree = "<group>"; };
		CE9105B8294CA1E5008D3137 /* MainViewCell.swift */ = {isa = PBXFileReference; fileEncoding = 4; lastKnownFileType = sourcecode.swift; path = MainViewCell.swift; sourceTree = "<group>"; };
		CE9105B9294CA1E5008D3137 /* MainListPresenter.swift */ = {isa = PBXFileReference; fileEncoding = 4; lastKnownFileType = sourcecode.swift; path = MainListPresenter.swift; sourceTree = "<group>"; };
		CE9105BA294CA1E6008D3137 /* MainListViewController.swift */ = {isa = PBXFileReference; fileEncoding = 4; lastKnownFileType = sourcecode.swift; path = MainListViewController.swift; sourceTree = "<group>"; };
		CE9105C0294CA300008D3137 /* ProvidersUseCase.swift */ = {isa = PBXFileReference; fileEncoding = 4; lastKnownFileType = sourcecode.swift; path = ProvidersUseCase.swift; sourceTree = "<group>"; };
		CE9105C4294CA325008D3137 /* GithubProvider.swift */ = {isa = PBXFileReference; fileEncoding = 4; lastKnownFileType = sourcecode.swift; path = GithubProvider.swift; sourceTree = "<group>"; };
		CE9105C5294CA325008D3137 /* SearchGOVProvider.swift */ = {isa = PBXFileReference; fileEncoding = 4; lastKnownFileType = sourcecode.swift; path = SearchGOVProvider.swift; sourceTree = "<group>"; };
		CE9105C8294CA7C4008D3137 /* Protocols.swift */ = {isa = PBXFileReference; fileEncoding = 4; lastKnownFileType = sourcecode.swift; path = Protocols.swift; sourceTree = "<group>"; };
		CE9105CB294CA91D008D3137 /* KeyboardAccessoryInputView.swift */ = {isa = PBXFileReference; fileEncoding = 4; lastKnownFileType = sourcecode.swift; path = KeyboardAccessoryInputView.swift; sourceTree = "<group>"; };
		CE9105CC294CA91D008D3137 /* KeyboardAccessoryInputView.xib */ = {isa = PBXFileReference; fileEncoding = 4; lastKnownFileType = file.xib; path = KeyboardAccessoryInputView.xib; sourceTree = "<group>"; };
		CE9105D1294CB440008D3137 /* MainListMock.swift */ = {isa = PBXFileReference; fileEncoding = 4; lastKnownFileType = sourcecode.swift; path = MainListMock.swift; sourceTree = "<group>"; };
		CE9105D3294CB45F008D3137 /* MainPresenterTests.swift */ = {isa = PBXFileReference; fileEncoding = 4; lastKnownFileType = sourcecode.swift; path = MainPresenterTests.swift; sourceTree = "<group>"; };
		CE9105D5294CB59C008D3137 /* SuperAppTests.swift */ = {isa = PBXFileReference; fileEncoding = 4; lastKnownFileType = sourcecode.swift; path = SuperAppTests.swift; sourceTree = "<group>"; };
		CE9105D7294D00B2008D3137 /* MainListProtocal.swift */ = {isa = PBXFileReference; lastKnownFileType = sourcecode.swift; path = MainListProtocal.swift; sourceTree = "<group>"; };
		CE9105D9294D02B1008D3137 /* Constant.swift */ = {isa = PBXFileReference; lastKnownFileType = sourcecode.swift; path = Constant.swift; sourceTree = "<group>"; };
		CE9105DB294D07A9008D3137 /* NetworkAdapter.swift */ = {isa = PBXFileReference; lastKnownFileType = sourcecode.swift; path = NetworkAdapter.swift; sourceTree = "<group>"; };
		CE9105E3294E3AE9008D3137 /* MainListSwiftUIView.swift */ = {isa = PBXFileReference; lastKnownFileType = sourcecode.swift; path = MainListSwiftUIView.swift; sourceTree = "<group>"; };
		CE9105E62951ADC4008D3137 /* MainListRouter.swift */ = {isa = PBXFileReference; lastKnownFileType = sourcecode.swift; path = MainListRouter.swift; sourceTree = "<group>"; };
/* End PBXFileReference section */

/* Begin PBXFrameworksBuildPhase section */
		CE9105392949BF3B008D3137 /* Frameworks */ = {
			isa = PBXFrameworksBuildPhase;
			buildActionMask = 2147483647;
			files = (
			);
			runOnlyForDeploymentPostprocessing = 0;
		};
		CE91059D294B112C008D3137 /* Frameworks */ = {
			isa = PBXFrameworksBuildPhase;
			buildActionMask = 2147483647;
			files = (
			);
			runOnlyForDeploymentPostprocessing = 0;
		};
/* End PBXFrameworksBuildPhase section */

/* Begin PBXGroup section */
		CE26A1E1295C54FA00FECEC8 /* Resources */ = {
			isa = PBXGroup;
			children = (
				CE26A1E2295C54FA00FECEC8 /* Assets.xcassets */,
				CE26A1E3295C54FA00FECEC8 /* LaunchScreen.storyboard */,
				CE26A1E5295C54FA00FECEC8 /* Positions.plist */,
				CE26A1E6295C54FA00FECEC8 /* Locations.plist */,
			);
			path = Resources;
			sourceTree = "<group>";
		};
		CE26A1EB2961A46B00FECEC8 /* Home */ = {
			isa = PBXGroup;
			children = (
				CE26A1EC2961A48000FECEC8 /* HomeViewController.swift */,
			);
			path = Home;
			sourceTree = "<group>";
		};
		CE9105332949BF3B008D3137 = {
			isa = PBXGroup;
			children = (
				CE91053E2949BF3B008D3137 /* SuperApp */,
				CE9105A1294B112C008D3137 /* SuperAppTests */,
				CE91053D2949BF3B008D3137 /* Products */,
			);
			sourceTree = "<group>";
		};
		CE91053D2949BF3B008D3137 /* Products */ = {
			isa = PBXGroup;
			children = (
				CE91053C2949BF3B008D3137 /* SuperApp.app */,
				CE9105A0294B112C008D3137 /* SuperAppTests.xctest */,
			);
			name = Products;
			sourceTree = "<group>";
		};
		CE91053E2949BF3B008D3137 /* SuperApp */ = {
			isa = PBXGroup;
			children = (
				CE91055B2949C044008D3137 /* Application */,
				CE9105582949C044008D3137 /* Assemblies */,
				CE91055C2949C044008D3137 /* Flows */,
				CE9105552949C044008D3137 /* Common */,
				CE9105542949C044008D3137 /* Network */,
				CE910598294B1096008D3137 /* Interactor */,
				CE910599294B10B5008D3137 /* Entity */,
				CE26A1E1295C54FA00FECEC8 /* Resources */,
				CE9105572949C044008D3137 /* Supporting Files */,
			);
			path = SuperApp;
			sourceTree = "<group>";
		};
		CE9105542949C044008D3137 /* Network */ = {
			isa = PBXGroup;
			children = (
				CE9105DB294D07A9008D3137 /* NetworkAdapter.swift */,
			);
			path = Network;
			sourceTree = "<group>";
		};
		CE9105552949C044008D3137 /* Common */ = {
			isa = PBXGroup;
			children = (
				CE9105CA294CA8F3008D3137 /* Custom Components */,
				CE9105C8294CA7C4008D3137 /* Protocols.swift */,
				CE9105562949C044008D3137 /* Extension.swift */,
				CE9105D9294D02B1008D3137 /* Constant.swift */,
			);
			path = Common;
			sourceTree = "<group>";
		};
		CE9105572949C044008D3137 /* Supporting Files */ = {
			isa = PBXGroup;
			children = (
				CE91054D2949BF3C008D3137 /* Info.plist */,
			);
			path = "Supporting Files";
			sourceTree = "<group>";
		};
		CE9105582949C044008D3137 /* Assemblies */ = {
			isa = PBXGroup;
			children = (
				CE91055A2949C044008D3137 /* ViewControllersAssembly.swift */,
				CE9105592949C044008D3137 /* ViewControllersAssembly+Main.swift */,
			);
			path = Assemblies;
			sourceTree = "<group>";
		};
		CE91055B2949C044008D3137 /* Application */ = {
			isa = PBXGroup;
			children = (
				CE91053F2949BF3B008D3137 /* AppDelegate.swift */,
				CE9105412949BF3B008D3137 /* SceneDelegate.swift */,
			);
			path = Application;
			sourceTree = "<group>";
		};
		CE91055C2949C044008D3137 /* Flows */ = {
			isa = PBXGroup;
			children = (
				CE9105602949C2D5008D3137 /* Main */,
			);
			path = Flows;
			sourceTree = "<group>";
		};
		CE9105602949C2D5008D3137 /* Main */ = {
			isa = PBXGroup;
			children = (
				CE9105452949BF3B008D3137 /* Main.storyboard */,
				CE26A1EB2961A46B00FECEC8 /* Home */,
				CE9105612949C304008D3137 /* List */,
			);
			path = Main;
			sourceTree = "<group>";
		};
		CE9105612949C304008D3137 /* List */ = {
			isa = PBXGroup;
			children = (
				CE9105E5294E4FDE008D3137 /* SwiftUI */,
				CE9105B4294CA1E5008D3137 /* Models */,
				CE9105B6294CA1E5008D3137 /* Views */,
				CE9105BA294CA1E6008D3137 /* MainListViewController.swift */,
				CE9105B9294CA1E5008D3137 /* MainListPresenter.swift */,
				CE9105D7294D00B2008D3137 /* MainListProtocal.swift */,
				CE9105E62951ADC4008D3137 /* MainListRouter.swift */,
			);
			path = List;
			sourceTree = "<group>";
		};
		CE910598294B1096008D3137 /* Interactor */ = {
			isa = PBXGroup;
			children = (
				CE9105C2294CA314008D3137 /* Main */,
			);
			path = Interactor;
			sourceTree = "<group>";
		};
		CE910599294B10B5008D3137 /* Entity */ = {
			isa = PBXGroup;
			children = (
				CE91059A294B10F9008D3137 /* Main */,
			);
			path = Entity;
			sourceTree = "<group>";
		};
		CE91059A294B10F9008D3137 /* Main */ = {
			isa = PBXGroup;
			children = (
				CE9105C3294CA325008D3137 /* Providers */,
			);
			path = Main;
			sourceTree = "<group>";
		};
		CE9105A1294B112C008D3137 /* SuperAppTests */ = {
			isa = PBXGroup;
			children = (
				CE9105A9294B113D008D3137 /* Flows */,
			);
			path = SuperAppTests;
			sourceTree = "<group>";
		};
		CE9105A9294B113D008D3137 /* Flows */ = {
			isa = PBXGroup;
			children = (
				CE9105D5294CB59C008D3137 /* SuperAppTests.swift */,
				CE9105AA294B1145008D3137 /* Main */,
			);
			path = Flows;
			sourceTree = "<group>";
		};
		CE9105AA294B1145008D3137 /* Main */ = {
			isa = PBXGroup;
			children = (
				CE9105CF294CB410008D3137 /* List */,
			);
			path = Main;
			sourceTree = "<group>";
		};
		CE9105B4294CA1E5008D3137 /* Models */ = {
			isa = PBXGroup;
			children = (
				CE9105B5294CA1E5008D3137 /* Job.swift */,
			);
			path = Models;
			sourceTree = "<group>";
		};
		CE9105B6294CA1E5008D3137 /* Views */ = {
			isa = PBXGroup;
			children = (
				CE9105B8294CA1E5008D3137 /* MainViewCell.swift */,
				CE9105B7294CA1E5008D3137 /* MainViewCell.xib */,
			);
			path = Views;
			sourceTree = "<group>";
		};
		CE9105C2294CA314008D3137 /* Main */ = {
			isa = PBXGroup;
			children = (
				CE9105C0294CA300008D3137 /* ProvidersUseCase.swift */,
			);
			path = Main;
			sourceTree = "<group>";
		};
		CE9105C3294CA325008D3137 /* Providers */ = {
			isa = PBXGroup;
			children = (
				CE9105C4294CA325008D3137 /* GithubProvider.swift */,
				CE9105C5294CA325008D3137 /* SearchGOVProvider.swift */,
			);
			path = Providers;
			sourceTree = "<group>";
		};
		CE9105CA294CA8F3008D3137 /* Custom Components */ = {
			isa = PBXGroup;
			children = (
				CE9105CB294CA91D008D3137 /* KeyboardAccessoryInputView.swift */,
				CE9105CC294CA91D008D3137 /* KeyboardAccessoryInputView.xib */,
			);
			path = "Custom Components";
			sourceTree = "<group>";
		};
		CE9105CF294CB410008D3137 /* List */ = {
			isa = PBXGroup;
			children = (
				CE9105D1294CB440008D3137 /* MainListMock.swift */,
				CE9105D3294CB45F008D3137 /* MainPresenterTests.swift */,
			);
			path = List;
			sourceTree = "<group>";
		};
		CE9105E5294E4FDE008D3137 /* SwiftUI */ = {
			isa = PBXGroup;
			children = (
				CE9105E3294E3AE9008D3137 /* MainListSwiftUIView.swift */,
			);
			path = SwiftUI;
			sourceTree = "<group>";
		};
/* End PBXGroup section */

/* Begin PBXNativeTarget section */
		CE91053B2949BF3B008D3137 /* SuperApp */ = {
			isa = PBXNativeTarget;
			buildConfigurationList = CE9105502949BF3C008D3137 /* Build configuration list for PBXNativeTarget "SuperApp" */;
			buildPhases = (
				CE9105382949BF3B008D3137 /* Sources */,
				CE9105392949BF3B008D3137 /* Frameworks */,
				CE91053A2949BF3B008D3137 /* Resources */,
			);
			buildRules = (
			);
			dependencies = (
			);
			name = SuperApp;
			productName = SuperApp;
			productReference = CE91053C2949BF3B008D3137 /* SuperApp.app */;
			productType = "com.apple.product-type.application";
		};
		CE91059F294B112C008D3137 /* SuperAppTests */ = {
			isa = PBXNativeTarget;
			buildConfigurationList = CE9105A6294B112C008D3137 /* Build configuration list for PBXNativeTarget "SuperAppTests" */;
			buildPhases = (
				CE91059C294B112C008D3137 /* Sources */,
				CE91059D294B112C008D3137 /* Frameworks */,
				CE91059E294B112C008D3137 /* Resources */,
			);
			buildRules = (
			);
			dependencies = (
				CE9105A5294B112C008D3137 /* PBXTargetDependency */,
			);
			name = SuperAppTests;
			productName = SuperAppTests;
			productReference = CE9105A0294B112C008D3137 /* SuperAppTests.xctest */;
			productType = "com.apple.product-type.bundle.unit-test";
		};
/* End PBXNativeTarget section */

/* Begin PBXProject section */
		CE9105342949BF3B008D3137 /* Project object */ = {
			isa = PBXProject;
			attributes = {
				BuildIndependentTargetsInParallel = 1;
				LastSwiftUpdateCheck = 1340;
				LastUpgradeCheck = 1340;
				TargetAttributes = {
					CE91053B2949BF3B008D3137 = {
						CreatedOnToolsVersion = 13.4.1;
					};
					CE91059F294B112C008D3137 = {
						CreatedOnToolsVersion = 13.4.1;
						LastSwiftMigration = 1340;
						TestTargetID = CE91053B2949BF3B008D3137;
					};
				};
			};
			buildConfigurationList = CE9105372949BF3B008D3137 /* Build configuration list for PBXProject "SuperApp" */;
			compatibilityVersion = "Xcode 13.0";
			developmentRegion = en;
			hasScannedForEncodings = 0;
			knownRegions = (
				en,
				Base,
			);
			mainGroup = CE9105332949BF3B008D3137;
			productRefGroup = CE91053D2949BF3B008D3137 /* Products */;
			projectDirPath = "";
			projectRoot = "";
			targets = (
				CE91053B2949BF3B008D3137 /* SuperApp */,
				CE91059F294B112C008D3137 /* SuperAppTests */,
			);
		};
/* End PBXProject section */

/* Begin PBXResourcesBuildPhase section */
		CE91053A2949BF3B008D3137 /* Resources */ = {
			isa = PBXResourcesBuildPhase;
			buildActionMask = 2147483647;
			files = (
				CE26A1E8295C54FA00FECEC8 /* LaunchScreen.storyboard in Resources */,
				CE9105CE294CA91D008D3137 /* KeyboardAccessoryInputView.xib in Resources */,
				CE26A1E9295C54FA00FECEC8 /* Positions.plist in Resources */,
				CE9105472949BF3B008D3137 /* Main.storyboard in Resources */,
				CE26A1E7295C54FA00FECEC8 /* Assets.xcassets in Resources */,
				CE26A1EA295C54FA00FECEC8 /* Locations.plist in Resources */,
				CE9105BC294CA1E6008D3137 /* MainViewCell.xib in Resources */,
			);
			runOnlyForDeploymentPostprocessing = 0;
		};
		CE91059E294B112C008D3137 /* Resources */ = {
			isa = PBXResourcesBuildPhase;
			buildActionMask = 2147483647;
			files = (
			);
			runOnlyForDeploymentPostprocessing = 0;
		};
/* End PBXResourcesBuildPhase section */

/* Begin PBXSourcesBuildPhase section */
		CE9105382949BF3B008D3137 /* Sources */ = {
			isa = PBXSourcesBuildPhase;
			buildActionMask = 2147483647;
			files = (
				CE9105C6294CA325008D3137 /* GithubProvider.swift in Sources */,
				CE9105C1294CA300008D3137 /* ProvidersUseCase.swift in Sources */,
				CE9105402949BF3B008D3137 /* AppDelegate.swift in Sources */,
				CE9105DA294D02B1008D3137 /* Constant.swift in Sources */,
				CE9105C7294CA325008D3137 /* SearchGOVProvider.swift in Sources */,
				CE9105D8294D00B2008D3137 /* MainListProtocal.swift in Sources */,
				CE9105BB294CA1E6008D3137 /* Job.swift in Sources */,
				CE9105BF294CA1E6008D3137 /* MainListViewController.swift in Sources */,
				CE91055F2949C044008D3137 /* ViewControllersAssembly.swift in Sources */,
				CE9105BD294CA1E6008D3137 /* MainViewCell.swift in Sources */,
				CE9105BE294CA1E6008D3137 /* MainListPresenter.swift in Sources */,
				CE9105C9294CA7C4008D3137 /* Protocols.swift in Sources */,
				CE9105DC294D07A9008D3137 /* NetworkAdapter.swift in Sources */,
				CE9105E72951ADC4008D3137 /* MainListRouter.swift in Sources */,
				CE9105422949BF3B008D3137 /* SceneDelegate.swift in Sources */,
				CE26A1ED2961A48000FECEC8 /* HomeViewController.swift in Sources */,
				CE91055E2949C044008D3137 /* ViewControllersAssembly+Main.swift in Sources */,
				CE9105CD294CA91D008D3137 /* KeyboardAccessoryInputView.swift in Sources */,
				CE91055D2949C044008D3137 /* Extension.swift in Sources */,
				CE9105E4294E3AE9008D3137 /* MainListSwiftUIView.swift in Sources */,
			);
			runOnlyForDeploymentPostprocessing = 0;
		};
		CE91059C294B112C008D3137 /* Sources */ = {
			isa = PBXSourcesBuildPhase;
			buildActionMask = 2147483647;
			files = (
				CE9105D4294CB460008D3137 /* MainPresenterTests.swift in Sources */,
				CE9105D2294CB440008D3137 /* MainListMock.swift in Sources */,
				CE9105D6294CB59C008D3137 /* SuperAppTests.swift in Sources */,
			);
			runOnlyForDeploymentPostprocessing = 0;
		};
/* End PBXSourcesBuildPhase section */

/* Begin PBXTargetDependency section */
		CE9105A5294B112C008D3137 /* PBXTargetDependency */ = {
			isa = PBXTargetDependency;
			target = CE91053B2949BF3B008D3137 /* SuperApp */;
			targetProxy = CE9105A4294B112C008D3137 /* PBXContainerItemProxy */;
		};
/* End PBXTargetDependency section */

/* Begin PBXVariantGroup section */
		CE26A1E3295C54FA00FECEC8 /* LaunchScreen.storyboard */ = {
			isa = PBXVariantGroup;
			children = (
				CE26A1E4295C54FA00FECEC8 /* Base */,
			);
			name = LaunchScreen.storyboard;
			sourceTree = "<group>";
		};
		CE9105452949BF3B008D3137 /* Main.storyboard */ = {
			isa = PBXVariantGroup;
			children = (
				CE9105462949BF3B008D3137 /* Base */,
			);
			name = Main.storyboard;
			sourceTree = "<group>";
		};
/* End PBXVariantGroup section */

/* Begin XCBuildConfiguration section */
		CE91054E2949BF3C008D3137 /* Debug */ = {
			isa = XCBuildConfiguration;
			buildSettings = {
				ALWAYS_SEARCH_USER_PATHS = NO;
				CLANG_ANALYZER_NONNULL = YES;
				CLANG_ANALYZER_NUMBER_OBJECT_CONVERSION = YES_AGGRESSIVE;
				CLANG_CXX_LANGUAGE_STANDARD = "gnu++17";
				CLANG_ENABLE_MODULES = YES;
				CLANG_ENABLE_OBJC_ARC = YES;
				CLANG_ENABLE_OBJC_WEAK = YES;
				CLANG_WARN_BLOCK_CAPTURE_AUTORELEASING = YES;
				CLANG_WARN_BOOL_CONVERSION = YES;
				CLANG_WARN_COMMA = YES;
				CLANG_WARN_CONSTANT_CONVERSION = YES;
				CLANG_WARN_DEPRECATED_OBJC_IMPLEMENTATIONS = YES;
				CLANG_WARN_DIRECT_OBJC_ISA_USAGE = YES_ERROR;
				CLANG_WARN_DOCUMENTATION_COMMENTS = YES;
				CLANG_WARN_EMPTY_BODY = YES;
				CLANG_WARN_ENUM_CONVERSION = YES;
				CLANG_WARN_INFINITE_RECURSION = YES;
				CLANG_WARN_INT_CONVERSION = YES;
				CLANG_WARN_NON_LITERAL_NULL_CONVERSION = YES;
				CLANG_WARN_OBJC_IMPLICIT_RETAIN_SELF = YES;
				CLANG_WARN_OBJC_LITERAL_CONVERSION = YES;
				CLANG_WARN_OBJC_ROOT_CLASS = YES_ERROR;
				CLANG_WARN_QUOTED_INCLUDE_IN_FRAMEWORK_HEADER = YES;
				CLANG_WARN_RANGE_LOOP_ANALYSIS = YES;
				CLANG_WARN_STRICT_PROTOTYPES = YES;
				CLANG_WARN_SUSPICIOUS_MOVE = YES;
				CLANG_WARN_UNGUARDED_AVAILABILITY = YES_AGGRESSIVE;
				CLANG_WARN_UNREACHABLE_CODE = YES;
				CLANG_WARN__DUPLICATE_METHOD_MATCH = YES;
				COPY_PHASE_STRIP = NO;
				DEBUG_INFORMATION_FORMAT = dwarf;
				ENABLE_STRICT_OBJC_MSGSEND = YES;
				ENABLE_TESTABILITY = YES;
				GCC_C_LANGUAGE_STANDARD = gnu11;
				GCC_DYNAMIC_NO_PIC = NO;
				GCC_NO_COMMON_BLOCKS = YES;
				GCC_OPTIMIZATION_LEVEL = 0;
				GCC_PREPROCESSOR_DEFINITIONS = (
					"DEBUG=1",
					"$(inherited)",
				);
				GCC_WARN_64_TO_32_BIT_CONVERSION = YES;
				GCC_WARN_ABOUT_RETURN_TYPE = YES_ERROR;
				GCC_WARN_UNDECLARED_SELECTOR = YES;
				GCC_WARN_UNINITIALIZED_AUTOS = YES_AGGRESSIVE;
				GCC_WARN_UNUSED_FUNCTION = YES;
				GCC_WARN_UNUSED_VARIABLE = YES;
				IPHONEOS_DEPLOYMENT_TARGET = 15.5;
				MTL_ENABLE_DEBUG_INFO = INCLUDE_SOURCE;
				MTL_FAST_MATH = YES;
				ONLY_ACTIVE_ARCH = YES;
				SDKROOT = iphoneos;
				SWIFT_ACTIVE_COMPILATION_CONDITIONS = DEBUG;
				SWIFT_OPTIMIZATION_LEVEL = "-Onone";
			};
			name = Debug;
		};
		CE91054F2949BF3C008D3137 /* Release */ = {
			isa = XCBuildConfiguration;
			buildSettings = {
				ALWAYS_SEARCH_USER_PATHS = NO;
				CLANG_ANALYZER_NONNULL = YES;
				CLANG_ANALYZER_NUMBER_OBJECT_CONVERSION = YES_AGGRESSIVE;
				CLANG_CXX_LANGUAGE_STANDARD = "gnu++17";
				CLANG_ENABLE_MODULES = YES;
				CLANG_ENABLE_OBJC_ARC = YES;
				CLANG_ENABLE_OBJC_WEAK = YES;
				CLANG_WARN_BLOCK_CAPTURE_AUTORELEASING = YES;
				CLANG_WARN_BOOL_CONVERSION = YES;
				CLANG_WARN_COMMA = YES;
				CLANG_WARN_CONSTANT_CONVERSION = YES;
				CLANG_WARN_DEPRECATED_OBJC_IMPLEMENTATIONS = YES;
				CLANG_WARN_DIRECT_OBJC_ISA_USAGE = YES_ERROR;
				CLANG_WARN_DOCUMENTATION_COMMENTS = YES;
				CLANG_WARN_EMPTY_BODY = YES;
				CLANG_WARN_ENUM_CONVERSION = YES;
				CLANG_WARN_INFINITE_RECURSION = YES;
				CLANG_WARN_INT_CONVERSION = YES;
				CLANG_WARN_NON_LITERAL_NULL_CONVERSION = YES;
				CLANG_WARN_OBJC_IMPLICIT_RETAIN_SELF = YES;
				CLANG_WARN_OBJC_LITERAL_CONVERSION = YES;
				CLANG_WARN_OBJC_ROOT_CLASS = YES_ERROR;
				CLANG_WARN_QUOTED_INCLUDE_IN_FRAMEWORK_HEADER = YES;
				CLANG_WARN_RANGE_LOOP_ANALYSIS = YES;
				CLANG_WARN_STRICT_PROTOTYPES = YES;
				CLANG_WARN_SUSPICIOUS_MOVE = YES;
				CLANG_WARN_UNGUARDED_AVAILABILITY = YES_AGGRESSIVE;
				CLANG_WARN_UNREACHABLE_CODE = YES;
				CLANG_WARN__DUPLICATE_METHOD_MATCH = YES;
				COPY_PHASE_STRIP = NO;
				DEBUG_INFORMATION_FORMAT = "dwarf-with-dsym";
				ENABLE_NS_ASSERTIONS = NO;
				ENABLE_STRICT_OBJC_MSGSEND = YES;
				GCC_C_LANGUAGE_STANDARD = gnu11;
				GCC_NO_COMMON_BLOCKS = YES;
				GCC_WARN_64_TO_32_BIT_CONVERSION = YES;
				GCC_WARN_ABOUT_RETURN_TYPE = YES_ERROR;
				GCC_WARN_UNDECLARED_SELECTOR = YES;
				GCC_WARN_UNINITIALIZED_AUTOS = YES_AGGRESSIVE;
				GCC_WARN_UNUSED_FUNCTION = YES;
				GCC_WARN_UNUSED_VARIABLE = YES;
				IPHONEOS_DEPLOYMENT_TARGET = 15.5;
				MTL_ENABLE_DEBUG_INFO = NO;
				MTL_FAST_MATH = YES;
				SDKROOT = iphoneos;
				SWIFT_COMPILATION_MODE = wholemodule;
				SWIFT_OPTIMIZATION_LEVEL = "-O";
				VALIDATE_PRODUCT = YES;
			};
			name = Release;
		};
		CE9105512949BF3C008D3137 /* Debug */ = {
			isa = XCBuildConfiguration;
			buildSettings = {
				ASSETCATALOG_COMPILER_APPICON_NAME = AppIcon;
				ASSETCATALOG_COMPILER_GLOBAL_ACCENT_COLOR_NAME = AccentColor;
				CODE_SIGN_STYLE = Automatic;
				CURRENT_PROJECT_VERSION = 1;
				DEVELOPMENT_TEAM = QZ7T7SZ528;
				GENERATE_INFOPLIST_FILE = YES;
				INFOPLIST_FILE = "SuperApp/Supporting Files/Info.plist";
				INFOPLIST_KEY_UIApplicationSupportsIndirectInputEvents = YES;
				INFOPLIST_KEY_UILaunchStoryboardName = LaunchScreen;
				INFOPLIST_KEY_UIMainStoryboardFile = Main;
				INFOPLIST_KEY_UISupportedInterfaceOrientations_iPad = "UIInterfaceOrientationPortrait UIInterfaceOrientationPortraitUpsideDown UIInterfaceOrientationLandscapeLeft UIInterfaceOrientationLandscapeRight";
				INFOPLIST_KEY_UISupportedInterfaceOrientations_iPhone = "UIInterfaceOrientationPortrait UIInterfaceOrientationLandscapeLeft UIInterfaceOrientationLandscapeRight";
				LD_RUNPATH_SEARCH_PATHS = (
					"$(inherited)",
					"@executable_path/Frameworks",
				);
				MARKETING_VERSION = 1.0;
				PRODUCT_BUNDLE_IDENTIFIER = SHARE.SuperApp;
				PRODUCT_NAME = "$(TARGET_NAME)";
				SWIFT_EMIT_LOC_STRINGS = YES;
				SWIFT_VERSION = 5.0;
				TARGETED_DEVICE_FAMILY = "1,2";
			};
			name = Debug;
		};
		CE9105522949BF3C008D3137 /* Release */ = {
			isa = XCBuildConfiguration;
			buildSettings = {
				ASSETCATALOG_COMPILER_APPICON_NAME = AppIcon;
				ASSETCATALOG_COMPILER_GLOBAL_ACCENT_COLOR_NAME = AccentColor;
				CODE_SIGN_STYLE = Automatic;
				CURRENT_PROJECT_VERSION = 1;
				DEVELOPMENT_TEAM = QZ7T7SZ528;
				GENERATE_INFOPLIST_FILE = YES;
				INFOPLIST_FILE = "SuperApp/Supporting Files/Info.plist";
				INFOPLIST_KEY_UIApplicationSupportsIndirectInputEvents = YES;
				INFOPLIST_KEY_UILaunchStoryboardName = LaunchScreen;
				INFOPLIST_KEY_UIMainStoryboardFile = Main;
				INFOPLIST_KEY_UISupportedInterfaceOrientations_iPad = "UIInterfaceOrientationPortrait UIInterfaceOrientationPortraitUpsideDown UIInterfaceOrientationLandscapeLeft UIInterfaceOrientationLandscapeRight";
				INFOPLIST_KEY_UISupportedInterfaceOrientations_iPhone = "UIInterfaceOrientationPortrait UIInterfaceOrientationLandscapeLeft UIInterfaceOrientationLandscapeRight";
				LD_RUNPATH_SEARCH_PATHS = (
					"$(inherited)",
					"@executable_path/Frameworks",
				);
				MARKETING_VERSION = 1.0;
				PRODUCT_BUNDLE_IDENTIFIER = SHARE.SuperApp;
				PRODUCT_NAME = "$(TARGET_NAME)";
				SWIFT_EMIT_LOC_STRINGS = YES;
				SWIFT_VERSION = 5.0;
				TARGETED_DEVICE_FAMILY = "1,2";
			};
			name = Release;
		};
		CE9105A7294B112C008D3137 /* Debug */ = {
			isa = XCBuildConfiguration;
			buildSettings = {
				BUNDLE_LOADER = "$(TEST_HOST)";
				CLANG_ENABLE_MODULES = YES;
				CODE_SIGN_STYLE = Automatic;
				CURRENT_PROJECT_VERSION = 1;
				DEVELOPMENT_TEAM = QZ7T7SZ528;
				GENERATE_INFOPLIST_FILE = YES;
				LD_RUNPATH_SEARCH_PATHS = (
					"$(inherited)",
					"@executable_path/Frameworks",
					"@loader_path/Frameworks",
				);
				MARKETING_VERSION = 1.0;
				PRODUCT_BUNDLE_IDENTIFIER = SHARE.SuperAppTests;
				PRODUCT_NAME = "$(TARGET_NAME)";
				SWIFT_EMIT_LOC_STRINGS = NO;
				SWIFT_OBJC_BRIDGING_HEADER = "";
				SWIFT_OPTIMIZATION_LEVEL = "-Onone";
				SWIFT_PRECOMPILE_BRIDGING_HEADER = NO;
				SWIFT_VERSION = 5.0;
				TARGETED_DEVICE_FAMILY = "1,2";
				TEST_HOST = "$(BUILT_PRODUCTS_DIR)/SuperApp.app/SuperApp";
			};
			name = Debug;
		};
		CE9105A8294B112C008D3137 /* Release */ = {
			isa = XCBuildConfiguration;
			buildSettings = {
				BUNDLE_LOADER = "$(TEST_HOST)";
				CLANG_ENABLE_MODULES = YES;
				CODE_SIGN_STYLE = Automatic;
				CURRENT_PROJECT_VERSION = 1;
				DEVELOPMENT_TEAM = QZ7T7SZ528;
				GENERATE_INFOPLIST_FILE = YES;
				LD_RUNPATH_SEARCH_PATHS = (
					"$(inherited)",
					"@executable_path/Frameworks",
					"@loader_path/Frameworks",
				);
				MARKETING_VERSION = 1.0;
				PRODUCT_BUNDLE_IDENTIFIER = SHARE.SuperAppTests;
				PRODUCT_NAME = "$(TARGET_NAME)";
				SWIFT_EMIT_LOC_STRINGS = NO;
				SWIFT_OBJC_BRIDGING_HEADER = "";
				SWIFT_PRECOMPILE_BRIDGING_HEADER = NO;
				SWIFT_VERSION = 5.0;
				TARGETED_DEVICE_FAMILY = "1,2";
				TEST_HOST = "$(BUILT_PRODUCTS_DIR)/SuperApp.app/SuperApp";
			};
			name = Release;
		};
/* End XCBuildConfiguration section */

/* Begin XCConfigurationList section */
		CE9105372949BF3B008D3137 /* Build configuration list for PBXProject "SuperApp" */ = {
			isa = XCConfigurationList;
			buildConfigurations = (
				CE91054E2949BF3C008D3137 /* Debug */,
				CE91054F2949BF3C008D3137 /* Release */,
			);
			defaultConfigurationIsVisible = 0;
			defaultConfigurationName = Release;
		};
		CE9105502949BF3C008D3137 /* Build configuration list for PBXNativeTarget "SuperApp" */ = {
			isa = XCConfigurationList;
			buildConfigurations = (
				CE9105512949BF3C008D3137 /* Debug */,
				CE9105522949BF3C008D3137 /* Release */,
			);
			defaultConfigurationIsVisible = 0;
			defaultConfigurationName = Release;
		};
		CE9105A6294B112C008D3137 /* Build configuration list for PBXNativeTarget "SuperAppTests" */ = {
			isa = XCConfigurationList;
			buildConfigurations = (
				CE9105A7294B112C008D3137 /* Debug */,
				CE9105A8294B112C008D3137 /* Release */,
			);
			defaultConfigurationIsVisible = 0;
			defaultConfigurationName = Release;
		};
/* End XCConfigurationList section */
	};
	rootObject = CE9105342949BF3B008D3137 /* Project object */;
}
